
Microsoft Visual Studio Solution File, Format Version 12.00
# Visual Studio Version 17
VisualStudioVersion = 17.11.35111.106
MinimumVisualStudioVersion = 10.0.40219.1
Project("{FAE04EC0-301F-11D3-BF4B-00C04F79EFBC}") = "HayvanatDosage", "HayvanatDosage\HayvanatDosage.csproj", "{BA0256B6-22B2-47CC-9CE6-97E88E7AD421}"
EndProject
Global
	GlobalSection(SolutionConfigurationPlatforms) = preSolution
		Debug|Any CPU = Debug|Any CPU
		Release|Any CPU = Release|Any CPU
	EndGlobalSection
	GlobalSection(ProjectConfigurationPlatforms) = postSolution
		{BA0256B6-22B2-47CC-9CE6-97E88E7AD421}.Debug|Any CPU.ActiveCfg = Debug|Any CPU
		{BA0256B6-22B2-47CC-9CE6-97E88E7AD421}.Debug|Any CPU.Build.0 = Debug|Any CPU
		{BA0256B6-22B2-47CC-9CE6-97E88E7AD421}.Release|Any CPU.ActiveCfg = Release|Any CPU
		{BA0256B6-22B2-47CC-9CE6-97E88E7AD421}.Release|Any CPU.Build.0 = Release|Any CPU
	EndGlobalSection
	GlobalSection(SolutionProperties) = preSolution
		HideSolutionNode = FALSE
	EndGlobalSection
	GlobalSection(ExtensibilityGlobals) = postSolution
		SolutionGuid = {34C9F471-1C18-4595-BD45-20BC35807C01}
	EndGlobalSection
EndGlobal
